
Microsoft Visual Studio Solution File, Format Version 12.00
# Visual Studio Version 16
VisualStudioVersion = 16.0.31025.194
MinimumVisualStudioVersion = 10.0.40219.1
Project("{FAE04EC0-301F-11D3-BF4B-00C04F79EFBC}") = "Connected_PABD", "Connected_PABD.csproj", "{EA644309-2B7E-4942-8262-6101038E0353}"
EndProject
Global
	GlobalSection(SolutionConfigurationPlatforms) = preSolution
		Debug|Any CPU = Debug|Any CPU
		Release|Any CPU = Release|Any CPU
	EndGlobalSection
	GlobalSection(ProjectConfigurationPlatforms) = postSolution
		{EA644309-2B7E-4942-8262-6101038E0353}.Debug|Any CPU.ActiveCfg = Debug|Any CPU
		{EA644309-2B7E-4942-8262-6101038E0353}.Debug|Any CPU.Build.0 = Debug|Any CPU
		{EA644309-2B7E-4942-8262-6101038E0353}.Release|Any CPU.ActiveCfg = Release|Any CPU
		{EA644309-2B7E-4942-8262-6101038E0353}.Release|Any CPU.Build.0 = Release|Any CPU
	EndGlobalSection
	GlobalSection(SolutionProperties) = preSolution
		HideSolutionNode = FALSE
	EndGlobalSection
	GlobalSection(ExtensibilityGlobals) = postSolution
		SolutionGuid = {9B9E3FE8-8309-4021-9DCC-CEE8E11723BC}
	EndGlobalSection
EndGlobal
